
Microsoft Visual Studio Solution File, Format Version 12.00
Project("{FAE04EC0-301F-11D3-BF4B-00C04F79EFBC}") = "SeasonOfGhosts.Tests", "SeasonOfGhosts.Tests\SeasonOfGhosts.Tests.csproj", "{68B895E6-5344-443A-B264-12227164AD84}"
EndProject
Project("{FAE04EC0-301F-11D3-BF4B-00C04F79EFBC}") = "SeasonOfGhosts", "..\SeasonOfGhosts\SeasonOfGhosts.csproj", "{C47995E1-A0FA-43BE-90E8-74837F91ADE4}"
EndProject
Project("{2150E333-8FDC-42A3-9474-1A3956D46DE8}") = "SolutionFiles", "SolutionFiles", "{65C1A9EA-68D5-4FC6-A6EA-5921D4D2B0C2}"
	ProjectSection(SolutionItems) = preProject
		..\.gitignore = ..\.gitignore
	EndProjectSection
EndProject
Global
	GlobalSection(SolutionConfigurationPlatforms) = preSolution
		Debug|Any CPU = Debug|Any CPU
		Release|Any CPU = Release|Any CPU
	EndGlobalSection
	GlobalSection(ProjectConfigurationPlatforms) = postSolution
		{68B895E6-5344-443A-B264-12227164AD84}.Debug|Any CPU.ActiveCfg = Debug|Any CPU
		{68B895E6-5344-443A-B264-12227164AD84}.Debug|Any CPU.Build.0 = Debug|Any CPU
		{68B895E6-5344-443A-B264-12227164AD84}.Release|Any CPU.ActiveCfg = Release|Any CPU
		{68B895E6-5344-443A-B264-12227164AD84}.Release|Any CPU.Build.0 = Release|Any CPU
		{C47995E1-A0FA-43BE-90E8-74837F91ADE4}.Debug|Any CPU.ActiveCfg = Debug|Any CPU
		{C47995E1-A0FA-43BE-90E8-74837F91ADE4}.Debug|Any CPU.Build.0 = Debug|Any CPU
		{C47995E1-A0FA-43BE-90E8-74837F91ADE4}.Release|Any CPU.ActiveCfg = Release|Any CPU
		{C47995E1-A0FA-43BE-90E8-74837F91ADE4}.Release|Any CPU.Build.0 = Release|Any CPU
	EndGlobalSection
EndGlobal
